{
  "name": "pi-generative-ui",
  "version": "1.0.0",
  "lockfileVersion": 3,
  "requires": true,
  "packages": {
    "": {
      "name": "pi-generative-ui",
      "version": "1.0.0",
      "license": "ISC",
      "dependencies": {
        "glimpseui": "^0.3.5"
      }
    },
    "node_modules/glimpseui": {
      "version": "0.3.5",
      "resolved": "https://registry.npmjs.org/glimpseui/-/glimpseui-0.3.5.tgz",
      "integrity": "sha512-1xIWOXsxHp464Gurdj6wA9Qp2TCiM/87Zs5Bx0tWET7QDfUL9A2IIfPhnG2ChMpQz83aUP1N/ngpWcTGnUZNFQ==",
      "hasInstallScript": true,
      "license": "MIT",
      "os": [
        "darwin"
      ],
      "bin": {
        "glimpseui": "bin/glimpse.mjs"
      },
      "engines": {
        "node": ">=18"
      }
    }
  }
}
